
Microsoft Visual Studio Solution File, Format Version 12.00
# Visual Studio Version 17
VisualStudioVersion = 17.9.34728.123
MinimumVisualStudioVersion = 10.0.40219.1
Project("{FAE04EC0-301F-11D3-BF4B-00C04F79EFBC}") = "BodyMassIndex.API", "BodyMassIndex.API\BodyMassIndex.API.csproj", "{6C3CC03C-7A4E-4A5B-BFCD-C9C1A3E830D9}"
EndProject
Project("{FAE04EC0-301F-11D3-BF4B-00C04F79EFBC}") = "BodyMass.Domain", "BodyMassIndex.Domain\BodyMass.Domain.csproj", "{A084EFC7-ABD7-470C-8334-16C779EE005C}"
EndProject
Global
	GlobalSection(SolutionConfigurationPlatforms) = preSolution
		Debug|Any CPU = Debug|Any CPU
		Release|Any CPU = Release|Any CPU
	EndGlobalSection
	GlobalSection(ProjectConfigurationPlatforms) = postSolution
		{6C3CC03C-7A4E-4A5B-BFCD-C9C1A3E830D9}.Debug|Any CPU.ActiveCfg = Debug|Any CPU
		{6C3CC03C-7A4E-4A5B-BFCD-C9C1A3E830D9}.Debug|Any CPU.Build.0 = Debug|Any CPU
		{6C3CC03C-7A4E-4A5B-BFCD-C9C1A3E830D9}.Release|Any CPU.ActiveCfg = Release|Any CPU
		{6C3CC03C-7A4E-4A5B-BFCD-C9C1A3E830D9}.Release|Any CPU.Build.0 = Release|Any CPU
		{A084EFC7-ABD7-470C-8334-16C779EE005C}.Debug|Any CPU.ActiveCfg = Debug|Any CPU
		{A084EFC7-ABD7-470C-8334-16C779EE005C}.Debug|Any CPU.Build.0 = Debug|Any CPU
		{A084EFC7-ABD7-470C-8334-16C779EE005C}.Release|Any CPU.ActiveCfg = Release|Any CPU
		{A084EFC7-ABD7-470C-8334-16C779EE005C}.Release|Any CPU.Build.0 = Release|Any CPU
	EndGlobalSection
	GlobalSection(SolutionProperties) = preSolution
		HideSolutionNode = FALSE
	EndGlobalSection
	GlobalSection(ExtensibilityGlobals) = postSolution
		SolutionGuid = {A4088C65-523F-4AE9-BDA1-2A4A34611462}
	EndGlobalSection
EndGlobal
