
Microsoft Visual Studio Solution File, Format Version 12.00
# Visual Studio Version 17
VisualStudioVersion = 17.9.34728.123
MinimumVisualStudioVersion = 10.0.40219.1
Project("{FAE04EC0-301F-11D3-BF4B-00C04F79EFBC}") = "EducationInterfaces", "EducationInterfaces\EducationInterfaces.csproj", "{966FC7B9-FF3D-4356-BED2-81AAA9913285}"
EndProject
Global
	GlobalSection(SolutionConfigurationPlatforms) = preSolution
		Debug|Any CPU = Debug|Any CPU
		Release|Any CPU = Release|Any CPU
	EndGlobalSection
	GlobalSection(ProjectConfigurationPlatforms) = postSolution
		{966FC7B9-FF3D-4356-BED2-81AAA9913285}.Debug|Any CPU.ActiveCfg = Debug|Any CPU
		{966FC7B9-FF3D-4356-BED2-81AAA9913285}.Debug|Any CPU.Build.0 = Debug|Any CPU
		{966FC7B9-FF3D-4356-BED2-81AAA9913285}.Release|Any CPU.ActiveCfg = Release|Any CPU
		{966FC7B9-FF3D-4356-BED2-81AAA9913285}.Release|Any CPU.Build.0 = Release|Any CPU
	EndGlobalSection
	GlobalSection(SolutionProperties) = preSolution
		HideSolutionNode = FALSE
	EndGlobalSection
	GlobalSection(ExtensibilityGlobals) = postSolution
		SolutionGuid = {1ED3A6C7-0FB6-4E0A-AC49-D755E778E58C}
	EndGlobalSection
EndGlobal
