
Microsoft Visual Studio Solution File, Format Version 12.00
# Visual Studio Version 17
VisualStudioVersion = 17.9.34728.123
MinimumVisualStudioVersion = 10.0.40219.1
Project("{FAE04EC0-301F-11D3-BF4B-00C04F79EFBC}") = "EFCore.Console", "EFCore.Console\EFCore.Console.csproj", "{D6F67713-E270-4710-805E-3AA9494640A1}"
EndProject
Global
	GlobalSection(SolutionConfigurationPlatforms) = preSolution
		Debug|Any CPU = Debug|Any CPU
		Release|Any CPU = Release|Any CPU
	EndGlobalSection
	GlobalSection(ProjectConfigurationPlatforms) = postSolution
		{D6F67713-E270-4710-805E-3AA9494640A1}.Debug|Any CPU.ActiveCfg = Debug|Any CPU
		{D6F67713-E270-4710-805E-3AA9494640A1}.Debug|Any CPU.Build.0 = Debug|Any CPU
		{D6F67713-E270-4710-805E-3AA9494640A1}.Release|Any CPU.ActiveCfg = Release|Any CPU
		{D6F67713-E270-4710-805E-3AA9494640A1}.Release|Any CPU.Build.0 = Release|Any CPU
	EndGlobalSection
	GlobalSection(SolutionProperties) = preSolution
		HideSolutionNode = FALSE
	EndGlobalSection
	GlobalSection(ExtensibilityGlobals) = postSolution
		SolutionGuid = {EEC4E3B3-A02E-4F5E-9F41-EF750C862842}
	EndGlobalSection
EndGlobal
