
Microsoft Visual Studio Solution File, Format Version 12.00
# Visual Studio Version 17
VisualStudioVersion = 17.9.34728.123
MinimumVisualStudioVersion = 10.0.40219.1
Project("{9A19103F-16F7-4668-BE54-9A1E7A4F7556}") = "Productify.Domain", "Productify.Domain\Productify.Domain.csproj", "{87695251-5E6F-45E5-B04C-81F00768D6D3}"
EndProject
Project("{FAE04EC0-301F-11D3-BF4B-00C04F79EFBC}") = "Productify.Console", "Productify.Console\Productify.Console.csproj", "{F446D653-39A9-42D7-ADE7-3E12A1ADB5E1}"
EndProject
Global
	GlobalSection(SolutionConfigurationPlatforms) = preSolution
		Debug|Any CPU = Debug|Any CPU
		Release|Any CPU = Release|Any CPU
	EndGlobalSection
	GlobalSection(ProjectConfigurationPlatforms) = postSolution
		{87695251-5E6F-45E5-B04C-81F00768D6D3}.Debug|Any CPU.ActiveCfg = Debug|Any CPU
		{87695251-5E6F-45E5-B04C-81F00768D6D3}.Debug|Any CPU.Build.0 = Debug|Any CPU
		{87695251-5E6F-45E5-B04C-81F00768D6D3}.Release|Any CPU.ActiveCfg = Release|Any CPU
		{87695251-5E6F-45E5-B04C-81F00768D6D3}.Release|Any CPU.Build.0 = Release|Any CPU
		{F446D653-39A9-42D7-ADE7-3E12A1ADB5E1}.Debug|Any CPU.ActiveCfg = Debug|Any CPU
		{F446D653-39A9-42D7-ADE7-3E12A1ADB5E1}.Debug|Any CPU.Build.0 = Debug|Any CPU
		{F446D653-39A9-42D7-ADE7-3E12A1ADB5E1}.Release|Any CPU.ActiveCfg = Release|Any CPU
		{F446D653-39A9-42D7-ADE7-3E12A1ADB5E1}.Release|Any CPU.Build.0 = Release|Any CPU
	EndGlobalSection
	GlobalSection(SolutionProperties) = preSolution
		HideSolutionNode = FALSE
	EndGlobalSection
	GlobalSection(ExtensibilityGlobals) = postSolution
		SolutionGuid = {99539998-DF74-4861-B70D-21C924EA2946}
	EndGlobalSection
EndGlobal
