
Microsoft Visual Studio Solution File, Format Version 12.00
# Visual Studio Version 17
VisualStudioVersion = 17.9.34728.123
MinimumVisualStudioVersion = 10.0.40219.1
Project("{FAE04EC0-301F-11D3-BF4B-00C04F79EFBC}") = "Eventify.Domain", "Eventify.Domain\Eventify.Domain.csproj", "{5736DA69-8704-483C-A39A-F89B5AED6E80}"
EndProject
Project("{FAE04EC0-301F-11D3-BF4B-00C04F79EFBC}") = "Eventify.Application", "Eventify.Application\Eventify.Application.csproj", "{9B77EC10-A8D4-4721-AB19-DE921EEAD930}"
EndProject
Project("{FAE04EC0-301F-11D3-BF4B-00C04F79EFBC}") = "Eventify.Infrastructure", "Eventify.Infrastructure\Eventify.Infrastructure.csproj", "{14D15688-8CA3-4FB1-8A6C-4AA008DDBAA4}"
EndProject
Project("{FAE04EC0-301F-11D3-BF4B-00C04F79EFBC}") = "Eventify.WebAPI", "Eventify.WebAPI\Eventify.WebAPI.csproj", "{7F06D4FC-BBFC-46E2-AE81-346CC8D0086A}"
EndProject
Global
	GlobalSection(SolutionConfigurationPlatforms) = preSolution
		Debug|Any CPU = Debug|Any CPU
		Release|Any CPU = Release|Any CPU
	EndGlobalSection
	GlobalSection(ProjectConfigurationPlatforms) = postSolution
		{5736DA69-8704-483C-A39A-F89B5AED6E80}.Debug|Any CPU.ActiveCfg = Debug|Any CPU
		{5736DA69-8704-483C-A39A-F89B5AED6E80}.Debug|Any CPU.Build.0 = Debug|Any CPU
		{5736DA69-8704-483C-A39A-F89B5AED6E80}.Release|Any CPU.ActiveCfg = Release|Any CPU
		{5736DA69-8704-483C-A39A-F89B5AED6E80}.Release|Any CPU.Build.0 = Release|Any CPU
		{9B77EC10-A8D4-4721-AB19-DE921EEAD930}.Debug|Any CPU.ActiveCfg = Debug|Any CPU
		{9B77EC10-A8D4-4721-AB19-DE921EEAD930}.Debug|Any CPU.Build.0 = Debug|Any CPU
		{9B77EC10-A8D4-4721-AB19-DE921EEAD930}.Release|Any CPU.ActiveCfg = Release|Any CPU
		{9B77EC10-A8D4-4721-AB19-DE921EEAD930}.Release|Any CPU.Build.0 = Release|Any CPU
		{14D15688-8CA3-4FB1-8A6C-4AA008DDBAA4}.Debug|Any CPU.ActiveCfg = Debug|Any CPU
		{14D15688-8CA3-4FB1-8A6C-4AA008DDBAA4}.Debug|Any CPU.Build.0 = Debug|Any CPU
		{14D15688-8CA3-4FB1-8A6C-4AA008DDBAA4}.Release|Any CPU.ActiveCfg = Release|Any CPU
		{14D15688-8CA3-4FB1-8A6C-4AA008DDBAA4}.Release|Any CPU.Build.0 = Release|Any CPU
		{7F06D4FC-BBFC-46E2-AE81-346CC8D0086A}.Debug|Any CPU.ActiveCfg = Debug|Any CPU
		{7F06D4FC-BBFC-46E2-AE81-346CC8D0086A}.Debug|Any CPU.Build.0 = Debug|Any CPU
		{7F06D4FC-BBFC-46E2-AE81-346CC8D0086A}.Release|Any CPU.ActiveCfg = Release|Any CPU
		{7F06D4FC-BBFC-46E2-AE81-346CC8D0086A}.Release|Any CPU.Build.0 = Release|Any CPU
	EndGlobalSection
	GlobalSection(SolutionProperties) = preSolution
		HideSolutionNode = FALSE
	EndGlobalSection
	GlobalSection(ExtensibilityGlobals) = postSolution
		SolutionGuid = {BEDC6968-4BE0-499F-9C73-8A335B37250D}
	EndGlobalSection
EndGlobal
